{"format_version":"1.0","provider_schemas":{"registry.terraform.io/hashicorp/null":{"provider":{"version":0,"block":{"description_kind":"plain"}},"resource_schemas":{"null_resource":{"version":0,"block":{"attributes":{"id":{"type":"string","description":"This is set to a random value at create time.","description_kind":"plain","computed":true},"triggers":{"type":["map","string"],"description":"A map of arbitrary strings that, when changed, will force the null resource to be replaced, re-running any associated provisioners.","description_kind":"plain","optional":true}},"description":"The `null_resource` resource implements the standard resource lifecycle but takes no further action. On Terraform 1.4 and later, use the [`terraform_data` resource type](https://developer.hashicorp.com/terraform/language/resources/terraform-data) instead. Terraform 1.9 and later support the `moved` configuration block from `null_resource` to `terraform_data`.\n\nThe `triggers` argument allows specifying an arbitrary set of values that, when changed, will cause the resource to be replaced.","description_kind":"plain"}}},"data_source_schemas":{"null_data_source":{"version":0,"block":{"attributes":{"has_computed_default":{"type":"string","description":"If set, its literal value will be stored and returned. If not, its value defaults to `\"default\"`. This argument exists primarily for testing and has little practical use.","description_kind":"plain","optional":true,"computed":true},"id":{"type":"string","description":"This attribute is only present for some legacy compatibility issues and should not be used. It will be removed in a future version.","description_kind":"plain","deprecated":true,"computed":true},"inputs":{"type":["map","string"],"description":"A map of arbitrary strings that is copied into the `outputs` attribute, and accessible directly for interpolation.","description_kind":"plain","optional":true},"outputs":{"type":["map","string"],"description":"After the data source is \"read\", a copy of the `inputs` map.","description_kind":"plain","computed":true},"random":{"type":"string","description":"A random value. This is primarily for testing and has little practical use; prefer the [hashicorp/random provider](https://registry.terraform.io/providers/hashicorp/random) for more practical random number use-cases.","description_kind":"plain","computed":true}},"description":"The `null_data_source` data source implements the standard data source lifecycle but does not\ninteract with any external APIs.\n\nHistorically, the `null_data_source` was typically used to construct intermediate values to re-use elsewhere in configuration. The\nsame can now be achieved using [locals](https://developer.hashicorp.com/terraform/language/values/locals) or the [terraform_data resource type](https://developer.hashicorp.com/terraform/language/resources/terraform-data) in Terraform 1.4 and later.","description_kind":"plain","deprecated":true}}}}}}
